
Microsoft Visual Studio Solution File, Format Version 12.00
# Visual Studio Version 17
VisualStudioVersion = 17.8.34316.72
MinimumVisualStudioVersion = 10.0.40219.1
Project("{A07B5EB6-E848-4116-A8D0-A826331D98C6}") = "PoC.ServiceFabric.Liveness", "PoC.ServiceFabric.Liveness\PoC.ServiceFabric.Liveness.sfproj", "{D86F47D4-8FC6-48CD-AFBB-6F5629AE8571}"
EndProject
Project("{FAE04EC0-301F-11D3-BF4B-00C04F79EFBC}") = "LivenessApi", "LivenessApi\LivenessApi.csproj", "{A27BBCCD-0949-408B-946D-A80328FE6AEE}"
EndProject
Global
	GlobalSection(SolutionConfigurationPlatforms) = preSolution
		Debug|Any CPU = Debug|Any CPU
		Debug|x64 = Debug|x64
		Release|Any CPU = Release|Any CPU
		Release|x64 = Release|x64
	EndGlobalSection
	GlobalSection(ProjectConfigurationPlatforms) = postSolution
		{D86F47D4-8FC6-48CD-AFBB-6F5629AE8571}.Debug|Any CPU.ActiveCfg = Debug|x64
		{D86F47D4-8FC6-48CD-AFBB-6F5629AE8571}.Debug|Any CPU.Build.0 = Debug|x64
		{D86F47D4-8FC6-48CD-AFBB-6F5629AE8571}.Debug|Any CPU.Deploy.0 = Debug|x64
		{D86F47D4-8FC6-48CD-AFBB-6F5629AE8571}.Debug|x64.ActiveCfg = Debug|x64
		{D86F47D4-8FC6-48CD-AFBB-6F5629AE8571}.Debug|x64.Build.0 = Debug|x64
		{D86F47D4-8FC6-48CD-AFBB-6F5629AE8571}.Debug|x64.Deploy.0 = Debug|x64
		{D86F47D4-8FC6-48CD-AFBB-6F5629AE8571}.Release|Any CPU.ActiveCfg = Release|x64
		{D86F47D4-8FC6-48CD-AFBB-6F5629AE8571}.Release|Any CPU.Build.0 = Release|x64
		{D86F47D4-8FC6-48CD-AFBB-6F5629AE8571}.Release|Any CPU.Deploy.0 = Release|x64
		{D86F47D4-8FC6-48CD-AFBB-6F5629AE8571}.Release|x64.ActiveCfg = Release|x64
		{D86F47D4-8FC6-48CD-AFBB-6F5629AE8571}.Release|x64.Build.0 = Release|x64
		{D86F47D4-8FC6-48CD-AFBB-6F5629AE8571}.Release|x64.Deploy.0 = Release|x64
		{A27BBCCD-0949-408B-946D-A80328FE6AEE}.Debug|Any CPU.ActiveCfg = Debug|Any CPU
		{A27BBCCD-0949-408B-946D-A80328FE6AEE}.Debug|Any CPU.Build.0 = Debug|Any CPU
		{A27BBCCD-0949-408B-946D-A80328FE6AEE}.Debug|x64.ActiveCfg = Debug|Any CPU
		{A27BBCCD-0949-408B-946D-A80328FE6AEE}.Debug|x64.Build.0 = Debug|Any CPU
		{A27BBCCD-0949-408B-946D-A80328FE6AEE}.Release|Any CPU.ActiveCfg = Release|Any CPU
		{A27BBCCD-0949-408B-946D-A80328FE6AEE}.Release|Any CPU.Build.0 = Release|Any CPU
		{A27BBCCD-0949-408B-946D-A80328FE6AEE}.Release|x64.ActiveCfg = Release|Any CPU
		{A27BBCCD-0949-408B-946D-A80328FE6AEE}.Release|x64.Build.0 = Release|Any CPU
	EndGlobalSection
	GlobalSection(SolutionProperties) = preSolution
		HideSolutionNode = FALSE
	EndGlobalSection
	GlobalSection(ExtensibilityGlobals) = postSolution
		SolutionGuid = {1ECE9579-76B5-4AFE-82AF-5ED6E54494E8}
	EndGlobalSection
EndGlobal
